// !$*UTF8*$!
{
	archiveVersion = 1;
	classes = {
	};
	objectVersion = 46;
	objects = {

/* Begin PBXBuildFile section */
		79A88AA91882BB9D00638B76 /* Foundation.framework in Frameworks */ = {isa = PBXBuildFile; fileRef = 79A88AA81882BB9D00638B76 /* Foundation.framework */; };
		79A88AAB1882BB9D00638B76 /* CoreGraphics.framework in Frameworks */ = {isa = PBXBuildFile; fileRef = 79A88AAA1882BB9D00638B76 /* CoreGraphics.framework */; };
		79A88AAD1882BB9D00638B76 /* UIKit.framework in Frameworks */ = {isa = PBXBuildFile; fileRef = 79A88AAC1882BB9D00638B76 /* UIKit.framework */; };
		79A88AB31882BB9D00638B76 /* InfoPlist.strings in Resources */ = {isa = PBXBuildFile; fileRef = 79A88AB11882BB9D00638B76 /* InfoPlist.strings */; };
		79A88AB51882BB9D00638B76 /* main.m in Sources */ = {isa = PBXBuildFile; fileRef = 79A88AB41882BB9D00638B76 /* main.m */; };
		79A88AB91882BB9D00638B76 /* AppDelegate.m in Sources */ = {isa = PBXBuildFile; fileRef = 79A88AB81882BB9D00638B76 /* AppDelegate.m */; };
		79A88ABB1882BB9D00638B76 /* Images.xcassets in Resources */ = {isa = PBXBuildFile; fileRef = 79A88ABA1882BB9D00638B76 /* Images.xcassets */; };
		79A88AC21882BB9E00638B76 /* XCTest.framework in Frameworks */ = {isa = PBXBuildFile; fileRef = 79A88AC11882BB9E00638B76 /* XCTest.framework */; };
		79A88AC31882BB9E00638B76 /* Foundation.framework in Frameworks */ = {isa = PBXBuildFile; fileRef = 79A88AA81882BB9D00638B76 /* Foundation.framework */; };
		79A88AC41882BB9E00638B76 /* UIKit.framework in Frameworks */ = {isa = PBXBuildFile; fileRef = 79A88AAC1882BB9D00638B76 /* UIKit.framework */; };
		79A88ACC1882BB9E00638B76 /* InfoPlist.strings in Resources */ = {isa = PBXBuildFile; fileRef = 79A88ACA1882BB9E00638B76 /* InfoPlist.strings */; };
		79A88ACE1882BB9E00638B76 /* MyScrollViewDemoTests.m in Sources */ = {isa = PBXBuildFile; fileRef = 79A88ACD1882BB9E00638B76 /* MyScrollViewDemoTests.m */; };
		79A88ADB1882BBC300638B76 /* MainViewController.m in Sources */ = {isa = PBXBuildFile; fileRef = 79A88AD81882BBC300638B76 /* MainViewController.m */; };
		79A88ADC1882BBC300638B76 /* MyScrollView.m in Sources */ = {isa = PBXBuildFile; fileRef = 79A88ADA1882BBC300638B76 /* MyScrollView.m */; };
		79A88AE51882BC3500638B76 /* h1.jpeg in Resources */ = {isa = PBXBuildFile; fileRef = 79A88ADD1882BC3500638B76 /* h1.jpeg */; };
		79A88AE61882BC3500638B76 /* h2.jpeg in Resources */ = {isa = PBXBuildFile; fileRef = 79A88ADE1882BC3500638B76 /* h2.jpeg */; };
		79A88AE71882BC3500638B76 /* h3.jpeg in Resources */ = {isa = PBXBuildFile; fileRef = 79A88ADF1882BC3500638B76 /* h3.jpeg */; };
		79A88AE81882BC3500638B76 /* h4.jpeg in Resources */ = {isa = PBXBuildFile; fileRef = 79A88AE01882BC3500638B76 /* h4.jpeg */; };
		79A88AE91882BC3500638B76 /* h5.jpeg in Resources */ = {isa = PBXBuildFile; fileRef = 79A88AE11882BC3500638B76 /* h5.jpeg */; };
		79A88AEA1882BC3500638B76 /* h6.jpeg in Resources */ = {isa = PBXBuildFile; fileRef = 79A88AE21882BC3500638B76 /* h6.jpeg */; };
		79A88AEB1882BC3500638B76 /* h7.jpeg in Resources */ = {isa = PBXBuildFile; fileRef = 79A88AE31882BC3500638B76 /* h7.jpeg */; };
		79A88AEC1882BC3500638B76 /* h8.jpeg in Resources */ = {isa = PBXBuildFile; fileRef = 79A88AE41882BC3500638B76 /* h8.jpeg */; };
/* End PBXBuildFile section */

/* Begin PBXContainerItemProxy section */
		79A88AC51882BB9E00638B76 /* PBXContainerItemProxy */ = {
			isa = PBXContainerItemProxy;
			containerPortal = 79A88A9D1882BB9D00638B76 /* Project object */;
			proxyType = 1;
			remoteGlobalIDString = 79A88AA41882BB9D00638B76;
			remoteInfo = MyScrollViewDemo;
		};
/* End PBXContainerItemProxy section */

/* Begin PBXFileReference section */
		79A88AA51882BB9D00638B76 /* MyScrollViewDemo.app */ = {isa = PBXFileReference; explicitFileType = wrapper.application; includeInIndex = 0; path = MyScrollViewDemo.app; sourceTree = BUILT_PRODUCTS_DIR; };
		79A88AA81882BB9D00638B76 /* Foundation.framework */ = {isa = PBXFileReference; lastKnownFileType = wrapper.framework; name = Foundation.framework; path = System/Library/Frameworks/Foundation.framework; sourceTree = SDKROOT; };
		79A88AAA1882BB9D00638B76 /* CoreGraphics.framework */ = {isa = PBXFileReference; lastKnownFileType = wrapper.framework; name = CoreGraphics.framework; path = System/Library/Frameworks/CoreGraphics.framework; sourceTree = SDKROOT; };
		79A88AAC1882BB9D00638B76 /* UIKit.framework */ = {isa = PBXFileReference; lastKnownFileType = wrapper.framework; name = UIKit.framework; path = System/Library/Frameworks/UIKit.framework; sourceTree = SDKROOT; };
		79A88AB01882BB9D00638B76 /* MyScrollViewDemo-Info.plist */ = {isa = PBXFileReference; lastKnownFileType = text.plist.xml; path = "MyScrollViewDemo-Info.plist"; sourceTree = "<group>"; };
		79A88AB21882BB9D00638B76 /* en */ = {isa = PBXFileReference; lastKnownFileType = text.plist.strings; name = en; path = en.lproj/InfoPlist.strings; sourceTree = "<group>"; };
		79A88AB41882BB9D00638B76 /* main.m */ = {isa = PBXFileReference; lastKnownFileType = sourcecode.c.objc; path = main.m; sourceTree = "<group>"; };
		79A88AB61882BB9D00638B76 /* MyScrollViewDemo-Prefix.pch */ = {isa = PBXFileReference; lastKnownFileType = sourcecode.c.h; path = "MyScrollViewDemo-Prefix.pch"; sourceTree = "<group>"; };
		79A88AB71882BB9D00638B76 /* AppDelegate.h */ = {isa = PBXFileReference; lastKnownFileType = sourcecode.c.h; path = AppDelegate.h; sourceTree = "<group>"; };
		79A88AB81882BB9D00638B76 /* AppDelegate.m */ = {isa = PBXFileReference; lastKnownFileType = sourcecode.c.objc; path = AppDelegate.m; sourceTree = "<group>"; };
		79A88ABA1882BB9D00638B76 /* Images.xcassets */ = {isa = PBXFileReference; lastKnownFileType = folder.assetcatalog; path = Images.xcassets; sourceTree = "<group>"; };
		79A88AC01882BB9E00638B76 /* MyScrollViewDemoTests.xctest */ = {isa = PBXFileReference; explicitFileType = wrapper.cfbundle; includeInIndex = 0; path = MyScrollViewDemoTests.xctest; sourceTree = BUILT_PRODUCTS_DIR; };
		79A88AC11882BB9E00638B76 /* XCTest.framework */ = {isa = PBXFileReference; lastKnownFileType = wrapper.framework; name = XCTest.framework; path = Library/Frameworks/XCTest.framework; sourceTree = DEVELOPER_DIR; };
		79A88AC91882BB9E00638B76 /* MyScrollViewDemoTests-Info.plist */ = {isa = PBXFileReference; lastKnownFileType = text.plist.xml; path = "MyScrollViewDemoTests-Info.plist"; sourceTree = "<group>"; };
		79A88ACB1882BB9E00638B76 /* en */ = {isa = PBXFileReference; lastKnownFileType = text.plist.strings; name = en; path = en.lproj/InfoPlist.strings; sourceTree = "<group>"; };
		79A88ACD1882BB9E00638B76 /* MyScrollViewDemoTests.m */ = {isa = PBXFileReference; lastKnownFileType = sourcecode.c.objc; path = MyScrollViewDemoTests.m; sourceTree = "<group>"; };
		79A88AD71882BBC300638B76 /* MainViewController.h */ = {isa = PBXFileReference; fileEncoding = 4; lastKnownFileType = sourcecode.c.h; path = MainViewController.h; sourceTree = "<group>"; };
		79A88AD81882BBC300638B76 /* MainViewController.m */ = {isa = PBXFileReference; fileEncoding = 4; lastKnownFileType = sourcecode.c.objc; path = MainViewController.m; sourceTree = "<group>"; };
		79A88AD91882BBC300638B76 /* MyScrollView.h */ = {isa = PBXFileReference; fileEncoding = 4; lastKnownFileType = sourcecode.c.h; path = MyScrollView.h; sourceTree = "<group>"; };
		79A88ADA1882BBC300638B76 /* MyScrollView.m */ = {isa = PBXFileReference; fileEncoding = 4; lastKnownFileType = sourcecode.c.objc; path = MyScrollView.m; sourceTree = "<group>"; };
		79A88ADD1882BC3500638B76 /* h1.jpeg */ = {isa = PBXFileReference; lastKnownFileType = image.jpeg; path = h1.jpeg; sourceTree = "<group>"; };
		79A88ADE1882BC3500638B76 /* h2.jpeg */ = {isa = PBXFileReference; lastKnownFileType = image.jpeg; path = h2.jpeg; sourceTree = "<group>"; };
		79A88ADF1882BC3500638B76 /* h3.jpeg */ = {isa = PBXFileReference; lastKnownFileType = image.jpeg; path = h3.jpeg; sourceTree = "<group>"; };
		79A88AE01882BC3500638B76 /* h4.jpeg */ = {isa = PBXFileReference; lastKnownFileType = image.jpeg; path = h4.jpeg; sourceTree = "<group>"; };
		79A88AE11882BC3500638B76 /* h5.jpeg */ = {isa = PBXFileReference; lastKnownFileType = image.jpeg; path = h5.jpeg; sourceTree = "<group>"; };
		79A88AE21882BC3500638B76 /* h6.jpeg */ = {isa = PBXFileReference; lastKnownFileType = image.jpeg; path = h6.jpeg; sourceTree = "<group>"; };
		79A88AE31882BC3500638B76 /* h7.jpeg */ = {isa = PBXFileReference; lastKnownFileType = image.jpeg; path = h7.jpeg; sourceTree = "<group>"; };
		79A88AE41882BC3500638B76 /* h8.jpeg */ = {isa = PBXFileReference; lastKnownFileType = image.jpeg; path = h8.jpeg; sourceTree = "<group>"; };
/* End PBXFileReference section */

/* Begin PBXFrameworksBuildPhase section */
		79A88AA21882BB9D00638B76 /* Frameworks */ = {
			isa = PBXFrameworksBuildPhase;
			buildActionMask = 2147483647;
			files = (
				79A88AAB1882BB9D00638B76 /* CoreGraphics.framework in Frameworks */,
				79A88AAD1882BB9D00638B76 /* UIKit.framework in Frameworks */,
				79A88AA91882BB9D00638B76 /* Foundation.framework in Frameworks */,
			);
			runOnlyForDeploymentPostprocessing = 0;
		};
		79A88ABD1882BB9E00638B76 /* Frameworks */ = {
			isa = PBXFrameworksBuildPhase;
			buildActionMask = 2147483647;
			files = (
				79A88AC21882BB9E00638B76 /* XCTest.framework in Frameworks */,
				79A88AC41882BB9E00638B76 /* UIKit.framework in Frameworks */,
				79A88AC31882BB9E00638B76 /* Foundation.framework in Frameworks */,
			);
			runOnlyForDeploymentPostprocessing = 0;
		};
/* End PBXFrameworksBuildPhase section */

/* Begin PBXGroup section */
		79A88A9C1882BB9D00638B76 = {
			isa = PBXGroup;
			children = (
				79A88AAE1882BB9D00638B76 /* MyScrollViewDemo */,
				79A88AC71882BB9E00638B76 /* MyScrollViewDemoTests */,
				79A88AA71882BB9D00638B76 /* Frameworks */,
				79A88AA61882BB9D00638B76 /* Products */,
			);
			sourceTree = "<group>";
		};
		79A88AA61882BB9D00638B76 /* Products */ = {
			isa = PBXGroup;
			children = (
				79A88AA51882BB9D00638B76 /* MyScrollViewDemo.app */,
				79A88AC01882BB9E00638B76 /* MyScrollViewDemoTests.xctest */,
			);
			name = Products;
			sourceTree = "<group>";
		};
		79A88AA71882BB9D00638B76 /* Frameworks */ = {
			isa = PBXGroup;
			children = (
				79A88AA81882BB9D00638B76 /* Foundation.framework */,
				79A88AAA1882BB9D00638B76 /* CoreGraphics.framework */,
				79A88AAC1882BB9D00638B76 /* UIKit.framework */,
				79A88AC11882BB9E00638B76 /* XCTest.framework */,
			);
			name = Frameworks;
			sourceTree = "<group>";
		};
		79A88AAE1882BB9D00638B76 /* MyScrollViewDemo */ = {
			isa = PBXGroup;
			children = (
				79A88AB71882BB9D00638B76 /* AppDelegate.h */,
				79A88AB81882BB9D00638B76 /* AppDelegate.m */,
				79A88AD71882BBC300638B76 /* MainViewController.h */,
				79A88AD81882BBC300638B76 /* MainViewController.m */,
				79A88AD91882BBC300638B76 /* MyScrollView.h */,
				79A88ADA1882BBC300638B76 /* MyScrollView.m */,
				79A88ABA1882BB9D00638B76 /* Images.xcassets */,
				79A88AAF1882BB9D00638B76 /* Supporting Files */,
			);
			path = MyScrollViewDemo;
			sourceTree = "<group>";
		};
		79A88AAF1882BB9D00638B76 /* Supporting Files */ = {
			isa = PBXGroup;
			children = (
				79A88AB01882BB9D00638B76 /* MyScrollViewDemo-Info.plist */,
				79A88AB11882BB9D00638B76 /* InfoPlist.strings */,
				79A88ADD1882BC3500638B76 /* h1.jpeg */,
				79A88ADE1882BC3500638B76 /* h2.jpeg */,
				79A88ADF1882BC3500638B76 /* h3.jpeg */,
				79A88AE01882BC3500638B76 /* h4.jpeg */,
				79A88AE11882BC3500638B76 /* h5.jpeg */,
				79A88AE21882BC3500638B76 /* h6.jpeg */,
				79A88AE31882BC3500638B76 /* h7.jpeg */,
				79A88AE41882BC3500638B76 /* h8.jpeg */,
				79A88AB41882BB9D00638B76 /* main.m */,
				79A88AB61882BB9D00638B76 /* MyScrollViewDemo-Prefix.pch */,
			);
			name = "Supporting Files";
			sourceTree = "<group>";
		};
		79A88AC71882BB9E00638B76 /* MyScrollViewDemoTests */ = {
			isa = PBXGroup;
			children = (
				79A88ACD1882BB9E00638B76 /* MyScrollViewDemoTests.m */,
				79A88AC81882BB9E00638B76 /* Supporting Files */,
			);
			path = MyScrollViewDemoTests;
			sourceTree = "<group>";
		};
		79A88AC81882BB9E00638B76 /* Supporting Files */ = {
			isa = PBXGroup;
			children = (
				79A88AC91882BB9E00638B76 /* MyScrollViewDemoTests-Info.plist */,
				79A88ACA1882BB9E00638B76 /* InfoPlist.strings */,
			);
			name = "Supporting Files";
			sourceTree = "<group>";
		};
/* End PBXGroup section */

/* Begin PBXNativeTarget section */
		79A88AA41882BB9D00638B76 /* MyScrollViewDemo */ = {
			isa = PBXNativeTarget;
			buildConfigurationList = 79A88AD11882BB9E00638B76 /* Build configuration list for PBXNativeTarget "MyScrollViewDemo" */;
			buildPhases = (
				79A88AA11882BB9D00638B76 /* Sources */,
				79A88AA21882BB9D00638B76 /* Frameworks */,
				79A88AA31882BB9D00638B76 /* Resources */,
			);
			buildRules = (
			);
			dependencies = (
			);
			name = MyScrollViewDemo;
			productName = MyScrollViewDemo;
			productReference = 79A88AA51882BB9D00638B76 /* MyScrollViewDemo.app */;
			productType = "com.apple.product-type.application";
		};
		79A88ABF1882BB9E00638B76 /* MyScrollViewDemoTests */ = {
			isa = PBXNativeTarget;
			buildConfigurationList = 79A88AD41882BB9E00638B76 /* Build configuration list for PBXNativeTarget "MyScrollViewDemoTests" */;
			buildPhases = (
				79A88ABC1882BB9E00638B76 /* Sources */,
				79A88ABD1882BB9E00638B76 /* Frameworks */,
				79A88ABE1882BB9E00638B76 /* Resources */,
			);
			buildRules = (
			);
			dependencies = (
				79A88AC61882BB9E00638B76 /* PBXTargetDependency */,
			);
			name = MyScrollViewDemoTests;
			productName = MyScrollViewDemoTests;
			productReference = 79A88AC01882BB9E00638B76 /* MyScrollViewDemoTests.xctest */;
			productType = "com.apple.product-type.bundle.unit-test";
		};
/* End PBXNativeTarget section */

/* Begin PBXProject section */
		79A88A9D1882BB9D00638B76 /* Project object */ = {
			isa = PBXProject;
			attributes = {
				LastUpgradeCheck = 0500;
				ORGANIZATIONNAME = "蓝鸥科技";
				TargetAttributes = {
					79A88ABF1882BB9E00638B76 = {
						TestTargetID = 79A88AA41882BB9D00638B76;
					};
				};
			};
			buildConfigurationList = 79A88AA01882BB9D00638B76 /* Build configuration list for PBXProject "MyScrollViewDemo" */;
			compatibilityVersion = "Xcode 3.2";
			developmentRegion = English;
			hasScannedForEncodings = 0;
			knownRegions = (
				en,
			);
			mainGroup = 79A88A9C1882BB9D00638B76;
			productRefGroup = 79A88AA61882BB9D00638B76 /* Products */;
			projectDirPath = "";
			projectRoot = "";
			targets = (
				79A88AA41882BB9D00638B76 /* MyScrollViewDemo */,
				79A88ABF1882BB9E00638B76 /* MyScrollViewDemoTests */,
			);
		};
/* End PBXProject section */

/* Begin PBXResourcesBuildPhase section */
		79A88AA31882BB9D00638B76 /* Resources */ = {
			isa = PBXResourcesBuildPhase;
			buildActionMask = 2147483647;
			files = (
				79A88AE71882BC3500638B76 /* h3.jpeg in Resources */,
				79A88AEA1882BC3500638B76 /* h6.jpeg in Resources */,
				79A88AE51882BC3500638B76 /* h1.jpeg in Resources */,
				79A88AEB1882BC3500638B76 /* h7.jpeg in Resources */,
				79A88AE91882BC3500638B76 /* h5.jpeg in Resources */,
				79A88AEC1882BC3500638B76 /* h8.jpeg in Resources */,
				79A88AE61882BC3500638B76 /* h2.jpeg in Resources */,
				79A88AE81882BC3500638B76 /* h4.jpeg in Resources */,
				79A88AB31882BB9D00638B76 /* InfoPlist.strings in Resources */,
				79A88ABB1882BB9D00638B76 /* Images.xcassets in Resources */,
			);
			runOnlyForDeploymentPostprocessing = 0;
		};
		79A88ABE1882BB9E00638B76 /* Resources */ = {
			isa = PBXResourcesBuildPhase;
			buildActionMask = 2147483647;
			files = (
				79A88ACC1882BB9E00638B76 /* InfoPlist.strings in Resources */,
			);
			runOnlyForDeploymentPostprocessing = 0;
		};
/* End PBXResourcesBuildPhase section */

/* Begin PBXSourcesBuildPhase section */
		79A88AA11882BB9D00638B76 /* Sources */ = {
			isa = PBXSourcesBuildPhase;
			buildActionMask = 2147483647;
			files = (
				79A88AB91882BB9D00638B76 /* AppDelegate.m in Sources */,
				79A88ADC1882BBC300638B76 /* MyScrollView.m in Sources */,
				79A88ADB1882BBC300638B76 /* MainViewController.m in Sources */,
				79A88AB51882BB9D00638B76 /* main.m in Sources */,
			);
			runOnlyForDeploymentPostprocessing = 0;
		};
		79A88ABC1882BB9E00638B76 /* Sources */ = {
			isa = PBXSourcesBuildPhase;
			buildActionMask = 2147483647;
			files = (
				79A88ACE1882BB9E00638B76 /* MyScrollViewDemoTests.m in Sources */,
			);
			runOnlyForDeploymentPostprocessing = 0;
		};
/* End PBXSourcesBuildPhase section */

/* Begin PBXTargetDependency section */
		79A88AC61882BB9E00638B76 /* PBXTargetDependency */ = {
			isa = PBXTargetDependency;
			target = 79A88AA41882BB9D00638B76 /* MyScrollViewDemo */;
			targetProxy = 79A88AC51882BB9E00638B76 /* PBXContainerItemProxy */;
		};
/* End PBXTargetDependency section */

/* Begin PBXVariantGroup section */
		79A88AB11882BB9D00638B76 /* InfoPlist.strings */ = {
			isa = PBXVariantGroup;
			children = (
				79A88AB21882BB9D00638B76 /* en */,
			);
			name = InfoPlist.strings;
			sourceTree = "<group>";
		};
		79A88ACA1882BB9E00638B76 /* InfoPlist.strings */ = {
			isa = PBXVariantGroup;
			children = (
				79A88ACB1882BB9E00638B76 /* en */,
			);
			name = InfoPlist.strings;
			sourceTree = "<group>";
		};
/* End PBXVariantGroup section */

/* Begin XCBuildConfiguration section */
		79A88ACF1882BB9E00638B76 /* Debug */ = {
			isa = XCBuildConfiguration;
			buildSettings = {
				ALWAYS_SEARCH_USER_PATHS = NO;
				ARCHS = "$(ARCHS_STANDARD_INCLUDING_64_BIT)";
				CLANG_CXX_LANGUAGE_STANDARD = "gnu++0x";
				CLANG_CXX_LIBRARY = "libc++";
				CLANG_ENABLE_MODULES = YES;
				CLANG_ENABLE_OBJC_ARC = YES;
				CLANG_WARN_BOOL_CONVERSION = YES;
				CLANG_WARN_CONSTANT_CONVERSION = YES;
				CLANG_WARN_DIRECT_OBJC_ISA_USAGE = YES_ERROR;
				CLANG_WARN_EMPTY_BODY = YES;
				CLANG_WARN_ENUM_CONVERSION = YES;
				CLANG_WARN_INT_CONVERSION = YES;
				CLANG_WARN_OBJC_ROOT_CLASS = YES_ERROR;
				CLANG_WARN__DUPLICATE_METHOD_MATCH = YES;
				"CODE_SIGN_IDENTITY[sdk=iphoneos*]" = "iPhone Developer";
				COPY_PHASE_STRIP = NO;
				GCC_C_LANGUAGE_STANDARD = gnu99;
				GCC_DYNAMIC_NO_PIC = NO;
				GCC_OPTIMIZATION_LEVEL = 0;
				GCC_PREPROCESSOR_DEFINITIONS = (
					"DEBUG=1",
					"$(inherited)",
				);
				GCC_SYMBOLS_PRIVATE_EXTERN = NO;
				GCC_WARN_64_TO_32_BIT_CONVERSION = YES;
				GCC_WARN_ABOUT_RETURN_TYPE = YES_ERROR;
				GCC_WARN_UNDECLARED_SELECTOR = YES;
				GCC_WARN_UNINITIALIZED_AUTOS = YES;
				GCC_WARN_UNUSED_FUNCTION = YES;
				GCC_WARN_UNUSED_VARIABLE = YES;
				IPHONEOS_DEPLOYMENT_TARGET = 7.0;
				ONLY_ACTIVE_ARCH = YES;
				SDKROOT = iphoneos;
			};
			name = Debug;
		};
		79A88AD01882BB9E00638B76 /* Release */ = {
			isa = XCBuildConfiguration;
			buildSettings = {
				ALWAYS_SEARCH_USER_PATHS = NO;
				ARCHS = "$(ARCHS_STANDARD_INCLUDING_64_BIT)";
				CLANG_CXX_LANGUAGE_STANDARD = "gnu++0x";
				CLANG_CXX_LIBRARY = "libc++";
				CLANG_ENABLE_MODULES = YES;
				CLANG_ENABLE_OBJC_ARC = YES;
				CLANG_WARN_BOOL_CONVERSION = YES;
				CLANG_WARN_CONSTANT_CONVERSION = YES;
				CLANG_WARN_DIRECT_OBJC_ISA_USAGE = YES_ERROR;
				CLANG_WARN_EMPTY_BODY = YES;
				CLANG_WARN_ENUM_CONVERSION = YES;
				CLANG_WARN_INT_CONVERSION = YES;
				CLANG_WARN_OBJC_ROOT_CLASS = YES_ERROR;
				CLANG_WARN__DUPLICATE_METHOD_MATCH = YES;
				"CODE_SIGN_IDENTITY[sdk=iphoneos*]" = "iPhone Developer";
				COPY_PHASE_STRIP = YES;
				ENABLE_NS_ASSERTIONS = NO;
				GCC_C_LANGUAGE_STANDARD = gnu99;
				GCC_WARN_64_TO_32_BIT_CONVERSION = YES;
				GCC_WARN_ABOUT_RETURN_TYPE = YES_ERROR;
				GCC_WARN_UNDECLARED_SELECTOR = YES;
				GCC_WARN_UNINITIALIZED_AUTOS = YES;
				GCC_WARN_UNUSED_FUNCTION = YES;
				GCC_WARN_UNUSED_VARIABLE = YES;
				IPHONEOS_DEPLOYMENT_TARGET = 7.0;
				SDKROOT = iphoneos;
				VALIDATE_PRODUCT = YES;
			};
			name = Release;
		};
		79A88AD21882BB9E00638B76 /* Debug */ = {
			isa = XCBuildConfiguration;
			buildSettings = {
				ASSETCATALOG_COMPILER_APPICON_NAME = AppIcon;
				ASSETCATALOG_COMPILER_LAUNCHIMAGE_NAME = LaunchImage;
				CLANG_ENABLE_OBJC_ARC = NO;
				GCC_PRECOMPILE_PREFIX_HEADER = YES;
				GCC_PREFIX_HEADER = "MyScrollViewDemo/MyScrollViewDemo-Prefix.pch";
				INFOPLIST_FILE = "MyScrollViewDemo/MyScrollViewDemo-Info.plist";
				PRODUCT_NAME = "$(TARGET_NAME)";
				WRAPPER_EXTENSION = app;
			};
			name = Debug;
		};
		79A88AD31882BB9E00638B76 /* Release */ = {
			isa = XCBuildConfiguration;
			buildSettings = {
				ASSETCATALOG_COMPILER_APPICON_NAME = AppIcon;
				ASSETCATALOG_COMPILER_LAUNCHIMAGE_NAME = LaunchImage;
				CLANG_ENABLE_OBJC_ARC = NO;
				GCC_PRECOMPILE_PREFIX_HEADER = YES;
				GCC_PREFIX_HEADER = "MyScrollViewDemo/MyScrollViewDemo-Prefix.pch";
				INFOPLIST_FILE = "MyScrollViewDemo/MyScrollViewDemo-Info.plist";
				PRODUCT_NAME = "$(TARGET_NAME)";
				WRAPPER_EXTENSION = app;
			};
			name = Release;
		};
		79A88AD51882BB9E00638B76 /* Debug */ = {
			isa = XCBuildConfiguration;
			buildSettings = {
				ARCHS = "$(ARCHS_STANDARD_INCLUDING_64_BIT)";
				BUNDLE_LOADER = "$(BUILT_PRODUCTS_DIR)/MyScrollViewDemo.app/MyScrollViewDemo";
				FRAMEWORK_SEARCH_PATHS = (
					"$(SDKROOT)/Developer/Library/Frameworks",
					"$(inherited)",
					"$(DEVELOPER_FRAMEWORKS_DIR)",
				);
				GCC_PRECOMPILE_PREFIX_HEADER = YES;
				GCC_PREFIX_HEADER = "MyScrollViewDemo/MyScrollViewDemo-Prefix.pch";
				GCC_PREPROCESSOR_DEFINITIONS = (
					"DEBUG=1",
					"$(inherited)",
				);
				INFOPLIST_FILE = "MyScrollViewDemoTests/MyScrollViewDemoTests-Info.plist";
				PRODUCT_NAME = "$(TARGET_NAME)";
				TEST_HOST = "$(BUNDLE_LOADER)";
				WRAPPER_EXTENSION = xctest;
			};
			name = Debug;
		};
		79A88AD61882BB9E00638B76 /* Release */ = {
			isa = XCBuildConfiguration;
			buildSettings = {
				ARCHS = "$(ARCHS_STANDARD_INCLUDING_64_BIT)";
				BUNDLE_LOADER = "$(BUILT_PRODUCTS_DIR)/MyScrollViewDemo.app/MyScrollViewDemo";
				FRAMEWORK_SEARCH_PATHS = (
					"$(SDKROOT)/Developer/Library/Frameworks",
					"$(inherited)",
					"$(DEVELOPER_FRAMEWORKS_DIR)",
				);
				GCC_PRECOMPILE_PREFIX_HEADER = YES;
				GCC_PREFIX_HEADER = "MyScrollViewDemo/MyScrollViewDemo-Prefix.pch";
				INFOPLIST_FILE = "MyScrollViewDemoTests/MyScrollViewDemoTests-Info.plist";
				PRODUCT_NAME = "$(TARGET_NAME)";
				TEST_HOST = "$(BUNDLE_LOADER)";
				WRAPPER_EXTENSION = xctest;
			};
			name = Release;
		};
/* End XCBuildConfiguration section */

/* Begin XCConfigurationList section */
		79A88AA01882BB9D00638B76 /* Build configuration list for PBXProject "MyScrollViewDemo" */ = {
			isa = XCConfigurationList;
			buildConfigurations = (
				79A88ACF1882BB9E00638B76 /* Debug */,
				79A88AD01882BB9E00638B76 /* Release */,
			);
			defaultConfigurationIsVisible = 0;
			defaultConfigurationName = Release;
		};
		79A88AD11882BB9E00638B76 /* Build configuration list for PBXNativeTarget "MyScrollViewDemo" */ = {
			isa = XCConfigurationList;
			buildConfigurations = (
				79A88AD21882BB9E00638B76 /* Debug */,
				79A88AD31882BB9E00638B76 /* Release */,
			);
			defaultConfigurationIsVisible = 0;
			defaultConfigurationName = Release;
		};
		79A88AD41882BB9E00638B76 /* Build configuration list for PBXNativeTarget "MyScrollViewDemoTests" */ = {
			isa = XCConfigurationList;
			buildConfigurations = (
				79A88AD51882BB9E00638B76 /* Debug */,
				79A88AD61882BB9E00638B76 /* Release */,
			);
			defaultConfigurationIsVisible = 0;
			defaultConfigurationName = Release;
		};
/* End XCConfigurationList section */
	};
	rootObject = 79A88A9D1882BB9D00638B76 /* Project object */;
}
